{
  "nodes": {
    "nixpkgs": {
      "locked": {
        "lastModified": 1644337255,
        "narHash": "sha256-3bHLqDHCDUJxsKphFpSPF4/ryA6VKICWSaC1IrdnoEE=",
        "owner": "nixos",
        "repo": "nixpkgs",
        "rev": "819bf6b10a1cd3a0f0e6e7df6d556b5acb36bbee",
        "type": "github"
      },
      "original": {
        "owner": "nixos",
        "repo": "nixpkgs",
        "type": "github"
      }
    },
    "root": {
      "inputs": {
        "nixpkgs": "nixpkgs",
        "utils": "utils"
      }
    },
    "utils": {
      "locked": {
        "lastModified": 1644229661,
        "narHash": "sha256-1YdnJAsNy69bpcjuoKdOYQX0YxZBiCYZo4Twxerqv7k=",
        "owner": "numtide",
        "repo": "flake-utils",
        "rev": "3cecb5b042f7f209c56ffd8371b2711a290ec797",
        "type": "github"
      },
      "original": {
        "owner": "numtide",
        "repo": "flake-utils",
        "type": "github"
      }
    }
  },
  "root": "root",
  "version": 7
}
